
Microsoft Visual Studio Solution File, Format Version 12.00
# Visual Studio Version 17
VisualStudioVersion = 17.9.34622.214
MinimumVisualStudioVersion = 10.0.40219.1
Project("{FAE04EC0-301F-11D3-BF4B-00C04F79EFBC}") = "Constants", "Constants\Constants.csproj", "{F64E7AA7-20CF-4223-BDBC-E627BC0A06CC}"
EndProject
Global
	GlobalSection(SolutionConfigurationPlatforms) = preSolution
		Debug|Any CPU = Debug|Any CPU
		Release|Any CPU = Release|Any CPU
	EndGlobalSection
	GlobalSection(ProjectConfigurationPlatforms) = postSolution
		{F64E7AA7-20CF-4223-BDBC-E627BC0A06CC}.Debug|Any CPU.ActiveCfg = Debug|Any CPU
		{F64E7AA7-20CF-4223-BDBC-E627BC0A06CC}.Debug|Any CPU.Build.0 = Debug|Any CPU
		{F64E7AA7-20CF-4223-BDBC-E627BC0A06CC}.Release|Any CPU.ActiveCfg = Release|Any CPU
		{F64E7AA7-20CF-4223-BDBC-E627BC0A06CC}.Release|Any CPU.Build.0 = Release|Any CPU
	EndGlobalSection
	GlobalSection(SolutionProperties) = preSolution
		HideSolutionNode = FALSE
	EndGlobalSection
	GlobalSection(ExtensibilityGlobals) = postSolution
		SolutionGuid = {77D38485-3348-4B8D-9CBE-029D7491AE2F}
	EndGlobalSection
EndGlobal
