
Microsoft Visual Studio Solution File, Format Version 12.00
# Visual Studio Version 17
VisualStudioVersion = 17.9.34622.214
MinimumVisualStudioVersion = 10.0.40219.1
Project("{FAE04EC0-301F-11D3-BF4B-00C04F79EFBC}") = "StringEqualsFunction", "StringEqualsFunction\StringEqualsFunction.csproj", "{E805CB0B-8B69-4005-B1D3-74C8AC666400}"
EndProject
Global
	GlobalSection(SolutionConfigurationPlatforms) = preSolution
		Debug|Any CPU = Debug|Any CPU
		Release|Any CPU = Release|Any CPU
	EndGlobalSection
	GlobalSection(ProjectConfigurationPlatforms) = postSolution
		{E805CB0B-8B69-4005-B1D3-74C8AC666400}.Debug|Any CPU.ActiveCfg = Debug|Any CPU
		{E805CB0B-8B69-4005-B1D3-74C8AC666400}.Debug|Any CPU.Build.0 = Debug|Any CPU
		{E805CB0B-8B69-4005-B1D3-74C8AC666400}.Release|Any CPU.ActiveCfg = Release|Any CPU
		{E805CB0B-8B69-4005-B1D3-74C8AC666400}.Release|Any CPU.Build.0 = Release|Any CPU
	EndGlobalSection
	GlobalSection(SolutionProperties) = preSolution
		HideSolutionNode = FALSE
	EndGlobalSection
	GlobalSection(ExtensibilityGlobals) = postSolution
		SolutionGuid = {05A33D0A-AC13-41C7-80D7-DAAF83F4979A}
	EndGlobalSection
EndGlobal
